
Microsoft Visual Studio Solution File, Format Version 12.00
# Visual Studio Version 16
VisualStudioVersion = 16.0.29503.13
MinimumVisualStudioVersion = 10.0.40219.1
Project("{9A19103F-16F7-4668-BE54-9A1E7A4F7556}") = "QRTTest", "QRTTest\QRTTest.csproj", "{996C4E61-6F5C-4E30-891D-14583BCC2A84}"
EndProject
Project("{9A19103F-16F7-4668-BE54-9A1E7A4F7556}") = "Pinknose.QuantitativeRiskToolkit", "Pinknose.QuantitativeRiskToolkit\Pinknose.QuantitativeRiskToolkit.csproj", "{2AF1A25F-078B-49FF-B8BD-741C727D2923}"
EndProject
Project("{9A19103F-16F7-4668-BE54-9A1E7A4F7556}") = "QrtUnitTests", "QrtUnitTests\QrtUnitTests.csproj", "{9D37E842-233E-41F0-9874-237FD7764E10}"
EndProject
Global
	GlobalSection(SolutionConfigurationPlatforms) = preSolution
		Debug|Any CPU = Debug|Any CPU
		Release|Any CPU = Release|Any CPU
	EndGlobalSection
	GlobalSection(ProjectConfigurationPlatforms) = postSolution
		{996C4E61-6F5C-4E30-891D-14583BCC2A84}.Debug|Any CPU.ActiveCfg = Debug|Any CPU
		{996C4E61-6F5C-4E30-891D-14583BCC2A84}.Debug|Any CPU.Build.0 = Debug|Any CPU
		{996C4E61-6F5C-4E30-891D-14583BCC2A84}.Release|Any CPU.ActiveCfg = Release|Any CPU
		{996C4E61-6F5C-4E30-891D-14583BCC2A84}.Release|Any CPU.Build.0 = Release|Any CPU
		{2AF1A25F-078B-49FF-B8BD-741C727D2923}.Debug|Any CPU.ActiveCfg = Debug|Any CPU
		{2AF1A25F-078B-49FF-B8BD-741C727D2923}.Debug|Any CPU.Build.0 = Debug|Any CPU
		{2AF1A25F-078B-49FF-B8BD-741C727D2923}.Release|Any CPU.ActiveCfg = Release|Any CPU
		{2AF1A25F-078B-49FF-B8BD-741C727D2923}.Release|Any CPU.Build.0 = Release|Any CPU
		{9D37E842-233E-41F0-9874-237FD7764E10}.Debug|Any CPU.ActiveCfg = Debug|Any CPU
		{9D37E842-233E-41F0-9874-237FD7764E10}.Debug|Any CPU.Build.0 = Debug|Any CPU
		{9D37E842-233E-41F0-9874-237FD7764E10}.Release|Any CPU.ActiveCfg = Release|Any CPU
		{9D37E842-233E-41F0-9874-237FD7764E10}.Release|Any CPU.Build.0 = Release|Any CPU
	EndGlobalSection
	GlobalSection(SolutionProperties) = preSolution
		HideSolutionNode = FALSE
	EndGlobalSection
	GlobalSection(ExtensibilityGlobals) = postSolution
		SolutionGuid = {AE22D4C0-FCD2-49E5-809C-B21DE7816DE1}
	EndGlobalSection
EndGlobal
